<?xml version="1.0" encoding="utf-8"?>
<Project ToolsVersion="4.0" xmlns="http://schemas.microsoft.com/developer/msbuild/2003">
  <ItemGroup>
    <Filter Include="Source Files">
      <UniqueIdentifier>{4FC737F1-C7A5-4376-A066-2A32D752A2FF}</UniqueIdentifier>
      <Extensions>cpp;c;cc;cxx;c++;cppm;ixx;def;odl;idl;hpj;bat;asm;asmx</Extensions>
    </Filter>
    <Filter Include="Header Files">
      <UniqueIdentifier>{93995380-89BD-4b04-88EB-625FBE52EBFB}</UniqueIdentifier>
      <Extensions>h;hh;hpp;hxx;h++;hm;inl;inc;ipp;xsd</Extensions>
    </Filter>
    <Filter Include="Resource Files">
      <UniqueIdentifier>{67DA6AB6-F800-4c08-8B7A-83BB121AAD01}</UniqueIdentifier>
      <Extensions>rc;ico;cur;bmp;dlg;rc2;rct;bin;rgs;gif;jpg;jpeg;jpe;resx;tiff;tif;png;wav;mfcribbon-ms</Extensions>
    </Filter>
    <Filter Include="Header Files\PE">
      <UniqueIdentifier>{6b73aacc-b268-4225-8264-568090c2a045}</UniqueIdentifier>
    </Filter>
    <Filter Include="Header Files\PE\PeUtil">
      <UniqueIdentifier>{6721a51b-72fb-473d-b696-4255c98006a3}</UniqueIdentifier>
    </Filter>
    <Filter Include="Header Files\PE\NtUtil">
      <UniqueIdentifier>{a96e140f-efa5-4462-afbd-838d8ce78f09}</UniqueIdentifier>
    </Filter>
    <Filter Include="Header Files\PE\Process">
      <UniqueIdentifier>{ff2fb20e-34df-42be-bf66-57775df9b49f}</UniqueIdentifier>
    </Filter>
    <Filter Include="Header Files\PE\Utils">
      <UniqueIdentifier>{dbc7aab7-a034-48ba-8119-fcd1f2337594}</UniqueIdentifier>
    </Filter>
  </ItemGroup>
  <ItemGroup>
    <ClCompile Include="Pe-everything.cpp">
      <Filter>Source Files</Filter>
    </ClCompile>
    <ClCompile Include="Directories.cpp">
      <Filter>Header Files\PE\NtUtil</Filter>
    </ClCompile>
    <ClCompile Include="Files.cpp">
      <Filter>Header Files\PE\PeUtil</Filter>
    </ClCompile>
    <ClCompile Include="Nt.cpp">
      <Filter>Header Files\PE\NtUtil</Filter>
    </ClCompile>
    <ClCompile Include="Pe.cpp">
      <Filter>Header Files\PE\PeUtil</Filter>
    </ClCompile>
    <ClCompile Include="Platform.cpp">
      <Filter>Header Files\PE\NtUtil</Filter>
    </ClCompile>
    <ClCompile Include="Sections.cpp">
      <Filter>Header Files\PE\NtUtil</Filter>
    </ClCompile>
    <ClCompile Include="SystemInfo.cpp">
      <Filter>Header Files\PE\PeUtil</Filter>
    </ClCompile>
    <ClCompile Include="Process.cpp">
      <Filter>Header Files\PE\Process</Filter>
    </ClCompile>
    <ClCompile Include="Call.cpp">
      <Filter>Header Files\PE\Process</Filter>
    </ClCompile>
    <ClCompile Include="ProcessUtils.cpp">
      <Filter>Header Files\PE\Process</Filter>
    </ClCompile>
    <ClCompile Include="Memory.cpp">
      <Filter>Header Files\PE\Process</Filter>
    </ClCompile>
    <ClCompile Include="Modules.cpp">
      <Filter>Header Files\PE\Process</Filter>
    </ClCompile>
    <ClCompile Include="Read.cpp">
      <Filter>Header Files\PE\PeUtil</Filter>
    </ClCompile>
    <ClCompile Include="Copy.cpp">
      <Filter>Header Files\PE\Utils</Filter>
    </ClCompile>
  </ItemGroup>
  <ItemGroup>
    <ClInclude Include="Process.h">
      <Filter>Header Files\PE\Process</Filter>
    </ClInclude>
    <ClInclude Include="Nt.h">
      <Filter>Header Files\PE\NtUtil</Filter>
    </ClInclude>
    <ClInclude Include="Pe.h">
      <Filter>Header Files\PE\PeUtil</Filter>
    </ClInclude>
    <ClInclude Include="Copy.h">
      <Filter>Header Files\PE\Utils</Filter>
    </ClInclude>
    <ClInclude Include="TypesAndClasses.h">
      <Filter>Header Files\PE\Utils</Filter>
    </ClInclude>
    <ClInclude Include="Error.h">
      <Filter>Header Files\PE\Utils</Filter>
    </ClInclude>
  </ItemGroup>
</Project>