<?xml version="1.0" encoding="utf-8"?>
<Project ToolsVersion="4.0" xmlns="http://schemas.microsoft.com/developer/msbuild/2003">
  <ItemGroup>
    <Filter Include="Source Files">
      <UniqueIdentifier>{4FC737F1-C7A5-4376-A066-2A32D752A2FF}</UniqueIdentifier>
      <Extensions>cpp;c;cc;cxx;c++;cppm;ixx;def;odl;idl;hpj;bat;asm;asmx</Extensions>
    </Filter>
    <Filter Include="Header Files">
      <UniqueIdentifier>{93995380-89BD-4b04-88EB-625FBE52EBFB}</UniqueIdentifier>
      <Extensions>h;hh;hpp;hxx;h++;hm;inl;inc;ipp;xsd</Extensions>
    </Filter>
    <Filter Include="Resource Files">
      <UniqueIdentifier>{67DA6AB6-F800-4c08-8B7A-83BB121AAD01}</UniqueIdentifier>
      <Extensions>rc;ico;cur;bmp;dlg;rc2;rct;bin;rgs;gif;jpg;jpeg;jpe;resx;tiff;tif;png;wav;mfcribbon-ms</Extensions>
    </Filter>
    <Filter Include="Header Files\Util">
      <UniqueIdentifier>{43f2f687-6abe-49b1-8ade-187ea3c8caf8}</UniqueIdentifier>
    </Filter>
    <Filter Include="Header Files\Proc">
      <UniqueIdentifier>{1f81c79a-860c-4e70-b5d3-f56e0934550c}</UniqueIdentifier>
    </Filter>
    <Filter Include="Header Files\Pe">
      <UniqueIdentifier>{1ffdfe97-c329-48a0-b811-1bbdc464f35a}</UniqueIdentifier>
    </Filter>
    <Filter Include="Header Files\Nt">
      <UniqueIdentifier>{ed097d54-fc7b-453d-bac0-31546ab9c17d}</UniqueIdentifier>
    </Filter>
  </ItemGroup>
  <ItemGroup>
    <ClCompile Include="Pe-everything.cpp">
      <Filter>Source Files</Filter>
    </ClCompile>
    <ClCompile Include="Src\Util\Copy.cpp">
      <Filter>Header Files\Util</Filter>
    </ClCompile>
    <ClCompile Include="Src\Util\SystemInfo.cpp">
      <Filter>Header Files\Util</Filter>
    </ClCompile>
    <ClCompile Include="Src\Proc\Call.cpp">
      <Filter>Header Files\Proc</Filter>
    </ClCompile>
    <ClCompile Include="Src\Proc\Memory.cpp">
      <Filter>Header Files\Proc</Filter>
    </ClCompile>
    <ClCompile Include="Src\Proc\Modules.cpp">
      <Filter>Header Files\Proc</Filter>
    </ClCompile>
    <ClCompile Include="Src\Proc\Process.cpp">
      <Filter>Header Files\Proc</Filter>
    </ClCompile>
    <ClCompile Include="Src\Proc\ProcessUtils.cpp">
      <Filter>Header Files\Proc</Filter>
    </ClCompile>
    <ClCompile Include="Src\Pe\Files.cpp">
      <Filter>Header Files\Pe</Filter>
    </ClCompile>
    <ClCompile Include="Src\Pe\Pe.cpp">
      <Filter>Header Files\Pe</Filter>
    </ClCompile>
    <ClCompile Include="Src\Pe\Read.cpp">
      <Filter>Header Files\Pe</Filter>
    </ClCompile>
    <ClCompile Include="Src\Nt\Directories.cpp">
      <Filter>Header Files\Nt</Filter>
    </ClCompile>
    <ClCompile Include="Src\Nt\Nt.cpp">
      <Filter>Header Files\Nt</Filter>
    </ClCompile>
    <ClCompile Include="Src\Nt\Platform.cpp">
      <Filter>Header Files\Nt</Filter>
    </ClCompile>
    <ClCompile Include="Src\Nt\Sections.cpp">
      <Filter>Header Files\Nt</Filter>
    </ClCompile>
  </ItemGroup>
  <ItemGroup>
    <ClInclude Include="Src\Util\TypesAndClasses.h">
      <Filter>Header Files\Util</Filter>
    </ClInclude>
    <ClInclude Include="Src\Util\Copy.h">
      <Filter>Header Files\Util</Filter>
    </ClInclude>
    <ClInclude Include="Src\Util\Error.h">
      <Filter>Header Files\Util</Filter>
    </ClInclude>
    <ClInclude Include="Src\Proc\Process.h">
      <Filter>Header Files\Proc</Filter>
    </ClInclude>
    <ClInclude Include="Src\Pe\Pe.h">
      <Filter>Header Files\Pe</Filter>
    </ClInclude>
    <ClInclude Include="Src\Nt\Nt.h">
      <Filter>Header Files\Nt</Filter>
    </ClInclude>
  </ItemGroup>
</Project>